
Microsoft Visual Studio Solution File, Format Version 12.00
# Visual Studio Version 17
VisualStudioVersion = 17.4.33205.214
MinimumVisualStudioVersion = 10.0.40219.1
Project("{FAE04EC0-301F-11D3-BF4B-00C04F79EFBC}") = "AAV_Task_09", "AAV_Task_09\AAV_Task_09.csproj", "{B49EDBD4-94C0-4A8C-A6FA-38442695F416}"
EndProject
Global
	GlobalSection(SolutionConfigurationPlatforms) = preSolution
		Debug|Any CPU = Debug|Any CPU
		Release|Any CPU = Release|Any CPU
	EndGlobalSection
	GlobalSection(ProjectConfigurationPlatforms) = postSolution
		{B49EDBD4-94C0-4A8C-A6FA-38442695F416}.Debug|Any CPU.ActiveCfg = Debug|Any CPU
		{B49EDBD4-94C0-4A8C-A6FA-38442695F416}.Debug|Any CPU.Build.0 = Debug|Any CPU
		{B49EDBD4-94C0-4A8C-A6FA-38442695F416}.Release|Any CPU.ActiveCfg = Release|Any CPU
		{B49EDBD4-94C0-4A8C-A6FA-38442695F416}.Release|Any CPU.Build.0 = Release|Any CPU
	EndGlobalSection
	GlobalSection(SolutionProperties) = preSolution
		HideSolutionNode = FALSE
	EndGlobalSection
	GlobalSection(ExtensibilityGlobals) = postSolution
		SolutionGuid = {E6772C8C-0EF3-4E61-AEA6-FE3DD5173916}
	EndGlobalSection
EndGlobal
